{
  "version": 4,
  "terraform_version": "1.2.9",
  "serial": 38,
  "lineage": "15bd39af-17c1-bda1-14ad-47e7b3c36c32",
  "outputs": {
    "kubernetes_cluster_host": {
      "value": "10.11.0.2",
      "type": "string"
    },
    "kubernetes_cluster_name": {
      "value": "core-demos-gke",
      "type": "string"
    },
    "project_id": {
      "value": "core-demos",
      "type": "string"
    },
    "region": {
      "value": "europe-west1",
      "type": "string"
    }
  },
  "resources": [
    {
      "mode": "managed",
      "type": "google_compute_network",
      "name": "vpc",
      "provider": "provider[\"registry.terraform.io/hashicorp/google\"]",
      "instances": [
        {
          "schema_version": 0,
          "attributes": {
            "auto_create_subnetworks": false,
            "delete_default_routes_on_create": false,
            "description": "",
            "enable_ula_internal_ipv6": false,
            "gateway_ipv4": "",
            "id": "projects/core-demos/global/networks/core-demos-vpc",
            "internal_ipv6_range": "",
            "mtu": 0,
            "name": "core-demos-vpc",
            "project": "core-demos",
            "routing_mode": "REGIONAL",
            "self_link": "https://www.googleapis.com/compute/v1/projects/core-demos/global/networks/core-demos-vpc",
            "timeouts": null
          },
          "sensitive_attributes": [],
          "private": "eyJlMmJmYjczMC1lY2FhLTExZTYtOGY4OC0zNDM2M2JjN2M0YzAiOnsiY3JlYXRlIjoxMjAwMDAwMDAwMDAwLCJkZWxldGUiOjEyMDAwMDAwMDAwMDAsInVwZGF0ZSI6MTIwMDAwMDAwMDAwMH19"
        }
      ]
    },
    {
      "mode": "managed",
      "type": "google_compute_subnetwork",
      "name": "subnet",
      "provider": "provider[\"registry.terraform.io/hashicorp/google\"]",
      "instances": [
        {
          "schema_version": 0,
          "attributes": {
            "creation_timestamp": "2022-09-08T02:09:02.716-07:00",
            "description": "",
            "external_ipv6_prefix": "",
            "fingerprint": null,
            "gateway_address": "10.10.0.1",
            "id": "projects/core-demos/regions/europe-west1/subnetworks/core-demos-subnet",
            "ip_cidr_range": "10.10.0.0/24",
            "ipv6_access_type": "",
            "ipv6_cidr_range": "",
            "log_config": [],
            "name": "core-demos-subnet",
            "network": "https://www.googleapis.com/compute/v1/projects/core-demos/global/networks/core-demos-vpc",
            "private_ip_google_access": false,
            "private_ipv6_google_access": "DISABLE_GOOGLE_ACCESS",
            "project": "core-demos",
            "purpose": "PRIVATE",
            "region": "europe-west1",
            "role": "",
            "secondary_ip_range": [],
            "self_link": "https://www.googleapis.com/compute/v1/projects/core-demos/regions/europe-west1/subnetworks/core-demos-subnet",
            "stack_type": "IPV4_ONLY",
            "timeouts": null
          },
          "sensitive_attributes": [],
          "private": "eyJlMmJmYjczMC1lY2FhLTExZTYtOGY4OC0zNDM2M2JjN2M0YzAiOnsiY3JlYXRlIjoxMjAwMDAwMDAwMDAwLCJkZWxldGUiOjEyMDAwMDAwMDAwMDAsInVwZGF0ZSI6MTIwMDAwMDAwMDAwMH19",
          "dependencies": [
            "google_compute_network.vpc"
          ]
        }
      ]
    },
    {
      "mode": "managed",
      "type": "google_container_cluster",
      "name": "primary",
      "provider": "provider[\"registry.terraform.io/hashicorp/google\"]",
      "instances": [
        {
          "schema_version": 1,
          "attributes": {
            "addons_config": [
              {
                "cloudrun_config": [],
                "dns_cache_config": [],
                "gce_persistent_disk_csi_driver_config": [
                  {
                    "enabled": true
                  }
                ],
                "gcp_filestore_csi_driver_config": [
                  {
                    "enabled": true
                  }
                ],
                "horizontal_pod_autoscaling": [
                  {
                    "disabled": false
                  }
                ],
                "http_load_balancing": [
                  {
                    "disabled": true
                  }
                ],
                "network_policy_config": [
                  {
                    "disabled": true
                  }
                ]
              }
            ],
            "authenticator_groups_config": [],
            "binary_authorization": [
              {
                "enabled": false,
                "evaluation_mode": "PROJECT_SINGLETON_POLICY_ENFORCE"
              }
            ],
            "cluster_autoscaling": [
              {
                "auto_provisioning_defaults": [],
                "enabled": false,
                "resource_limits": []
              }
            ],
            "cluster_ipv4_cidr": "10.36.0.0/14",
            "confidential_nodes": [],
            "database_encryption": [
              {
                "key_name": "",
                "state": "DECRYPTED"
              }
            ],
            "datapath_provider": "",
            "default_max_pods_per_node": 110,
            "default_snat_status": [
              {
                "disabled": false
              }
            ],
            "description": "",
            "dns_config": [],
            "enable_autopilot": false,
            "enable_binary_authorization": false,
            "enable_intranode_visibility": false,
            "enable_kubernetes_alpha": false,
            "enable_legacy_abac": false,
            "enable_shielded_nodes": true,
            "enable_tpu": false,
            "endpoint": "10.11.0.2",
            "id": "projects/core-demos/locations/europe-west1/clusters/core-demos-gke",
            "initial_node_count": 2,
            "ip_allocation_policy": [
              {
                "cluster_ipv4_cidr_block": "10.36.0.0/14",
                "cluster_secondary_range_name": "gke-core-demos-gke-pods-5ab5493c",
                "services_ipv4_cidr_block": "10.0.0.0/20",
                "services_secondary_range_name": "gke-core-demos-gke-services-5ab5493c"
              }
            ],
            "label_fingerprint": "a9dc16a7",
            "location": "europe-west1",
            "logging_config": [
              {
                "enable_components": [
                  "SYSTEM_COMPONENTS",
                  "WORKLOADS"
                ]
              }
            ],
            "logging_service": "logging.googleapis.com/kubernetes",
            "maintenance_policy": [],
            "master_auth": [
              {
                "client_certificate": "",
                "client_certificate_config": [
                  {
                    "issue_client_certificate": false
                  }
                ],
                "client_key": "",
                "cluster_ca_certificate": "LS0tLS1CRUdJTiBDRVJUSUZJQ0FURS0tLS0tCk1JSUVMRENDQXBTZ0F3SUJBZ0lRVHFmUDEyblNYb1M4OEYyVWU5WkV6VEFOQmdrcWhraUc5dzBCQVFzRkFEQXYKTVMwd0t3WURWUVFERXlRd1pESXhPRGN6T0MwNE5XRXlMVFJoTXpJdE9XRTBOQzFpTnpoa1lUSXpNamhpTjJJdwpJQmNOTWpJd09UQTRNRGd4TWpVNFdoZ1BNakExTWpBNE16RXdPVEV5TlRoYU1DOHhMVEFyQmdOVkJBTVRKREJrCk1qRTROek00TFRnMVlUSXROR0V6TWkwNVlUUTBMV0kzT0dSaE1qTXlPR0kzWWpDQ0FhSXdEUVlKS29aSWh2Y04KQVFFQkJRQURnZ0dQQURDQ0FZb0NnZ0dCQUx1aS9YZkY4RHV6MHZyTys0SStEVlpiVTNEbEpBMVBrUkd2ZXZoOQpSRExOc09YdzhmbEFMUENHeTl0OTY1VCsvdjloSFRkR1oxQjRuaXhYeVhEK241NS9UWURBT1k2b0UvaVRpT1pGCitEZ20rV0JtQkxQN0wwM1VTQWtsRlBqZ3RkYUFyQldYa1grazVUQzI5eTlCeDVycGhXN2JIdlJNY0FWc1FzTHYKdVQyT21mWHVKaWUwSVZSWGFiM05ndUpzWHgyejZtb3FGcUY3YTUyWTkxVlBRZW1YMkl5b1haLzhHTXl4Y3N3dwpPYTErNDZsTUQvQTRPTVJ0MmltOGQxekpET1kvYzJXRVFmRHgwY2krZ3RkY09PZFMrMUlKZVdoRStRNXJWT0xkClNHamZwbzRpTWdnM3EvZUxpU0l3VEJaN0VaQXN6K1M5eEdNR0cxMThmSHVVbEFOT3pIcW45ZGFqdCtZaXRWL2oKVE5ZKzMvZk9jVVNSNC8yaXNNZ3M2aXcxdzN6V2RyQnZPUGIzamFIVEFCNVo5alJFRi9TVEJ5NVlwT0U1eTlFNgpNTFQrTm83czg2RjVpcGdlWUNqOU1jb3U3NnhrV1ZHanVxYkVrTE5Vc1U0R0VEZWE5YmV3UUNPaHpZaUFHQi8vCldpbEw4dTdvemUwRjRleWkvb3FrVG1iUnhRSURBUUFCbzBJd1FEQU9CZ05WSFE4QkFmOEVCQU1DQWdRd0R3WUQKVlIwVEFRSC9CQVV3QXdFQi96QWRCZ05WSFE0RUZnUVVmZ3VBWFY3Y1dJQWdVdTFQaTJrY1lQcFZ1YXN3RFFZSgpLb1pJaHZjTkFRRUxCUUFEZ2dHQkFKZkV0aUF6UGtKWHVSdVZCcm9YditEYkhuY1pGY2lYVy9lRHFyNk83MUJmCmpTVkhtU1JUNisrdTdhZG5zaVE0c0xMQjNhT2RPTVp6Uk14YjJHUnRjTU9KbXgrdUthWDd4S1lIQURsNUx4bGQKUEcxbnpKTnliT0hocm5UbXJTbWlza2VZQ0VlcWRWc2dxbDVZUVZ1K1RRdno4L200ZldSejVMSDkybU1PdGp5MApRTmZNeVJGSGZORk9wOXVpREVBNndFaGRObU9XakZ3NVJpcjl6UU5OZHFNQXJXemJleG1EbGR5VGdiNmVsRzUvClBSMGxTWVB3SEJhQ2haTk0vWVI1M01yZGs3a01tVlQvOWREdWhNSjVrRG45Y2VyNFZ0UldrUVl4VGtsR1lsNnIKNXhKbnlGSUF3Rjl3NDNoZVNSOWxoUzZEUUlsUDB6VkV0Y1FMV3pPSnBkeTE4NVdnSU83c1JYTVlZOVl4Q1IyeQpEalR6d2g4aUIzcTRwRll3bGFEdStPcWEyMWI5NWxEcjZvbW1qcW5wU1dlT2NuK1BBaTlOV1U4cE1QbE1sKzFnClFPWnY1RytUdHFQTFZ3blFjRm9Ec3NMUlo1RXMyUzU1VWg2eHRBNHFJajJ1MFNyaE05WVVhOUJlUXFHM1U2T04KR0IxTjJaRk5OK1hlRzl2cGZRalRSZz09Ci0tLS0tRU5EIENFUlRJRklDQVRFLS0tLS0K"
              }
            ],
            "master_authorized_networks_config": [
              {
                "cidr_blocks": [
                  {
                    "cidr_block": "10.10.128.0/24",
                    "display_name": "internal"
                  }
                ]
              }
            ],
            "master_version": "1.22.11-gke.400",
            "mesh_certificates": [],
            "min_master_version": null,
            "monitoring_config": [
              {
                "enable_components": [
                  "SYSTEM_COMPONENTS"
                ]
              }
            ],
            "monitoring_service": "monitoring.googleapis.com/kubernetes",
            "name": "core-demos-gke",
            "network": "projects/core-demos/global/networks/core-demos-vpc",
            "network_policy": [
              {
                "enabled": false,
                "provider": "PROVIDER_UNSPECIFIED"
              }
            ],
            "networking_mode": "VPC_NATIVE",
            "node_config": [],
            "node_locations": [
              "europe-west1-b",
              "europe-west1-c",
              "europe-west1-d"
            ],
            "node_pool": [],
            "node_version": "1.22.11-gke.400",
            "notification_config": [
              {
                "pubsub": [
                  {
                    "enabled": false,
                    "topic": ""
                  }
                ]
              }
            ],
            "operation": null,
            "private_cluster_config": [
              {
                "enable_private_endpoint": true,
                "enable_private_nodes": true,
                "master_global_access_config": [
                  {
                    "enabled": false
                  }
                ],
                "master_ipv4_cidr_block": "10.11.0.0/28",
                "peering_name": "gke-nf695340193398a3eebd-e22b-d839-peer",
                "private_endpoint": "10.11.0.2",
                "public_endpoint": "34.77.201.61"
              }
            ],
            "private_ipv6_google_access": "",
            "project": "core-demos",
            "release_channel": [
              {
                "channel": "REGULAR"
              }
            ],
            "remove_default_node_pool": true,
            "resource_labels": null,
            "resource_usage_export_config": [],
            "self_link": "https://container.googleapis.com/v1/projects/core-demos/locations/europe-west1/clusters/core-demos-gke",
            "service_external_ips_config": [
              {
                "enabled": false
              }
            ],
            "services_ipv4_cidr": "10.0.0.0/20",
            "subnetwork": "projects/core-demos/regions/europe-west1/subnetworks/core-demos-subnet",
            "timeouts": null,
            "tpu_ipv4_cidr_block": "",
            "vertical_pod_autoscaling": [],
            "workload_identity_config": []
          },
          "sensitive_attributes": [],
          "private": "eyJlMmJmYjczMC1lY2FhLTExZTYtOGY4OC0zNDM2M2JjN2M0YzAiOnsiY3JlYXRlIjoyNDAwMDAwMDAwMDAwLCJkZWxldGUiOjI0MDAwMDAwMDAwMDAsInJlYWQiOjI0MDAwMDAwMDAwMDAsInVwZGF0ZSI6MzYwMDAwMDAwMDAwMH0sInNjaGVtYV92ZXJzaW9uIjoiMSJ9",
          "dependencies": [
            "google_compute_network.vpc",
            "google_compute_subnetwork.subnet"
          ]
        }
      ]
    },
    {
      "mode": "managed",
      "type": "google_container_node_pool",
      "name": "primary_nodes",
      "provider": "provider[\"registry.terraform.io/hashicorp/google\"]",
      "instances": [
        {
          "schema_version": 1,
          "attributes": {
            "autoscaling": [
              {
                "max_node_count": 3,
                "min_node_count": 1
              }
            ],
            "cluster": "core-demos-gke",
            "id": "projects/core-demos/locations/europe-west1/clusters/core-demos-gke/nodePools/core-demos-gke-node-pool",
            "initial_node_count": 2,
            "instance_group_urls": [
              "https://www.googleapis.com/compute/v1/projects/core-demos/zones/europe-west1-b/instanceGroupManagers/gke-core-demos-gke-core-demos-gke-nod-c23400bf-grp",
              "https://www.googleapis.com/compute/v1/projects/core-demos/zones/europe-west1-c/instanceGroupManagers/gke-core-demos-gke-core-demos-gke-nod-7192b5b5-grp",
              "https://www.googleapis.com/compute/v1/projects/core-demos/zones/europe-west1-d/instanceGroupManagers/gke-core-demos-gke-core-demos-gke-nod-ba3ef465-grp"
            ],
            "location": "europe-west1",
            "managed_instance_group_urls": [
              "https://www.googleapis.com/compute/v1/projects/core-demos/zones/europe-west1-b/instanceGroups/gke-core-demos-gke-core-demos-gke-nod-c23400bf-grp",
              "https://www.googleapis.com/compute/v1/projects/core-demos/zones/europe-west1-c/instanceGroups/gke-core-demos-gke-core-demos-gke-nod-7192b5b5-grp",
              "https://www.googleapis.com/compute/v1/projects/core-demos/zones/europe-west1-d/instanceGroups/gke-core-demos-gke-core-demos-gke-nod-ba3ef465-grp"
            ],
            "management": [
              {
                "auto_repair": true,
                "auto_upgrade": true
              }
            ],
            "max_pods_per_node": 110,
            "name": "core-demos-gke-node-pool",
            "name_prefix": "",
            "node_config": [
              {
                "boot_disk_kms_key": "",
                "disk_size_gb": 10,
                "disk_type": "pd-standard",
                "gcfs_config": [],
                "guest_accelerator": [],
                "gvnic": [],
                "image_type": "COS_CONTAINERD",
                "labels": {
                  "env": "core-demos"
                },
                "local_ssd_count": 0,
                "machine_type": "e2-medium",
                "metadata": {
                  "disable-legacy-endpoints": "true"
                },
                "min_cpu_platform": "",
                "node_group": "",
                "oauth_scopes": [
                  "https://www.googleapis.com/auth/logging.write",
                  "https://www.googleapis.com/auth/monitoring"
                ],
                "preemptible": false,
                "reservation_affinity": [],
                "service_account": "default",
                "shielded_instance_config": [
                  {
                    "enable_integrity_monitoring": true,
                    "enable_secure_boot": false
                  }
                ],
                "spot": false,
                "tags": [
                  "gke-node",
                  "core-demos-gke"
                ],
                "taint": [],
                "workload_metadata_config": []
              }
            ],
            "node_count": 2,
            "node_locations": [
              "europe-west1-b",
              "europe-west1-c",
              "europe-west1-d"
            ],
            "operation": null,
            "project": "core-demos",
            "timeouts": null,
            "upgrade_settings": [
              {
                "max_surge": 1,
                "max_unavailable": 0
              }
            ],
            "version": "1.22.11-gke.400"
          },
          "sensitive_attributes": [],
          "private": "eyJlMmJmYjczMC1lY2FhLTExZTYtOGY4OC0zNDM2M2JjN2M0YzAiOnsiY3JlYXRlIjoxODAwMDAwMDAwMDAwLCJkZWxldGUiOjE4MDAwMDAwMDAwMDAsInVwZGF0ZSI6MTgwMDAwMDAwMDAwMH0sInNjaGVtYV92ZXJzaW9uIjoiMSJ9",
          "dependencies": [
            "google_compute_network.vpc",
            "google_compute_subnetwork.subnet",
            "google_container_cluster.primary"
          ]
        }
      ]
    },
    {
      "mode": "managed",
      "type": "google_container_node_pool",
      "name": "spot_nodes",
      "provider": "provider[\"registry.terraform.io/hashicorp/google\"]",
      "instances": [
        {
          "schema_version": 1,
          "attributes": {
            "autoscaling": [
              {
                "max_node_count": 3,
                "min_node_count": 1
              }
            ],
            "cluster": "core-demos-gke",
            "id": "projects/core-demos/locations/europe-west1/clusters/core-demos-gke/nodePools/spot-nodepool",
            "initial_node_count": 2,
            "instance_group_urls": [
              "https://www.googleapis.com/compute/v1/projects/core-demos/zones/europe-west1-b/instanceGroupManagers/gke-core-demos-gke-spot-nodepool-3f1e27d5-grp",
              "https://www.googleapis.com/compute/v1/projects/core-demos/zones/europe-west1-c/instanceGroupManagers/gke-core-demos-gke-spot-nodepool-a7b5167d-grp",
              "https://www.googleapis.com/compute/v1/projects/core-demos/zones/europe-west1-d/instanceGroupManagers/gke-core-demos-gke-spot-nodepool-e8f7301a-grp"
            ],
            "location": "europe-west1",
            "managed_instance_group_urls": [
              "https://www.googleapis.com/compute/v1/projects/core-demos/zones/europe-west1-b/instanceGroups/gke-core-demos-gke-spot-nodepool-3f1e27d5-grp",
              "https://www.googleapis.com/compute/v1/projects/core-demos/zones/europe-west1-c/instanceGroups/gke-core-demos-gke-spot-nodepool-a7b5167d-grp",
              "https://www.googleapis.com/compute/v1/projects/core-demos/zones/europe-west1-d/instanceGroups/gke-core-demos-gke-spot-nodepool-e8f7301a-grp"
            ],
            "management": [
              {
                "auto_repair": true,
                "auto_upgrade": true
              }
            ],
            "max_pods_per_node": 110,
            "name": "spot-nodepool",
            "name_prefix": "",
            "node_config": [
              {
                "boot_disk_kms_key": "",
                "disk_size_gb": 10,
                "disk_type": "pd-standard",
                "gcfs_config": [],
                "guest_accelerator": [],
                "gvnic": [],
                "image_type": "COS_CONTAINERD",
                "labels": {
                  "env": "core-demos"
                },
                "local_ssd_count": 0,
                "machine_type": "n1-standard-1",
                "metadata": {
                  "disable-legacy-endpoints": "true"
                },
                "min_cpu_platform": "",
                "node_group": "",
                "oauth_scopes": [
                  "https://www.googleapis.com/auth/logging.write",
                  "https://www.googleapis.com/auth/monitoring"
                ],
                "preemptible": false,
                "reservation_affinity": [],
                "service_account": "default",
                "shielded_instance_config": [
                  {
                    "enable_integrity_monitoring": true,
                    "enable_secure_boot": false
                  }
                ],
                "spot": true,
                "tags": [
                  "gke-node",
                  "core-demos-gke"
                ],
                "taint": [],
                "workload_metadata_config": []
              }
            ],
            "node_count": 2,
            "node_locations": [
              "europe-west1-b",
              "europe-west1-c",
              "europe-west1-d"
            ],
            "operation": null,
            "project": "core-demos",
            "timeouts": null,
            "upgrade_settings": [
              {
                "max_surge": 1,
                "max_unavailable": 0
              }
            ],
            "version": "1.22.11-gke.400"
          },
          "sensitive_attributes": [],
          "private": "eyJlMmJmYjczMC1lY2FhLTExZTYtOGY4OC0zNDM2M2JjN2M0YzAiOnsiY3JlYXRlIjoxODAwMDAwMDAwMDAwLCJkZWxldGUiOjE4MDAwMDAwMDAwMDAsInVwZGF0ZSI6MTgwMDAwMDAwMDAwMH0sInNjaGVtYV92ZXJzaW9uIjoiMSJ9",
          "dependencies": [
            "google_compute_network.vpc",
            "google_compute_subnetwork.subnet",
            "google_container_cluster.primary"
          ]
        }
      ]
    }
  ]
}
